
Microsoft Visual Studio Solution File, Format Version 12.00
# Visual Studio Version 17
VisualStudioVersion = 17.3.32901.215
MinimumVisualStudioVersion = 10.0.40219.1
Project("{FAE04EC0-301F-11D3-BF4B-00C04F79EFBC}") = "DeskBooker.Core.Tests", "DeskBooker.Core.Tests\DeskBooker.Core.Tests.csproj", "{68EC90DD-190A-460E-A4C4-D63FB45DEA5E}"
EndProject
Project("{FAE04EC0-301F-11D3-BF4B-00C04F79EFBC}") = "DeskBooker.Core", "DeskBooker.Core\DeskBooker.Core.csproj", "{C9080EC5-0F83-4068-869A-D406DCE536F3}"
EndProject
Project("{FAE04EC0-301F-11D3-BF4B-00C04F79EFBC}") = "DeskBooker.DataAccess.Tests", "DeskBooker.DataAccess.Tests\DeskBooker.DataAccess.Tests.csproj", "{990E9A99-DEB4-4BE5-895C-06DE50FDFC04}"
EndProject
Project("{FAE04EC0-301F-11D3-BF4B-00C04F79EFBC}") = "DeskBooker.DataAccess", "DeskBooker.DataAccess\DeskBooker.DataAccess.csproj", "{C4C08DDE-144C-4C29-A6B2-6EA1D176604B}"
EndProject
Project("{00D1A9C2-B5F0-4AF3-8072-F6C62B433612}") = "DeskBooker.Database", "DeskBooker.Database\DeskBooker.Database.sqlproj", "{72DB45E9-C67A-4B7C-99F0-60285F487C2B}"
EndProject
Global
	GlobalSection(SolutionConfigurationPlatforms) = preSolution
		Debug|Any CPU = Debug|Any CPU
		Release|Any CPU = Release|Any CPU
	EndGlobalSection
	GlobalSection(ProjectConfigurationPlatforms) = postSolution
		{68EC90DD-190A-460E-A4C4-D63FB45DEA5E}.Debug|Any CPU.ActiveCfg = Debug|Any CPU
		{68EC90DD-190A-460E-A4C4-D63FB45DEA5E}.Debug|Any CPU.Build.0 = Debug|Any CPU
		{68EC90DD-190A-460E-A4C4-D63FB45DEA5E}.Release|Any CPU.ActiveCfg = Release|Any CPU
		{68EC90DD-190A-460E-A4C4-D63FB45DEA5E}.Release|Any CPU.Build.0 = Release|Any CPU
		{C9080EC5-0F83-4068-869A-D406DCE536F3}.Debug|Any CPU.ActiveCfg = Debug|Any CPU
		{C9080EC5-0F83-4068-869A-D406DCE536F3}.Debug|Any CPU.Build.0 = Debug|Any CPU
		{C9080EC5-0F83-4068-869A-D406DCE536F3}.Release|Any CPU.ActiveCfg = Release|Any CPU
		{C9080EC5-0F83-4068-869A-D406DCE536F3}.Release|Any CPU.Build.0 = Release|Any CPU
		{990E9A99-DEB4-4BE5-895C-06DE50FDFC04}.Debug|Any CPU.ActiveCfg = Debug|Any CPU
		{990E9A99-DEB4-4BE5-895C-06DE50FDFC04}.Debug|Any CPU.Build.0 = Debug|Any CPU
		{990E9A99-DEB4-4BE5-895C-06DE50FDFC04}.Release|Any CPU.ActiveCfg = Release|Any CPU
		{990E9A99-DEB4-4BE5-895C-06DE50FDFC04}.Release|Any CPU.Build.0 = Release|Any CPU
		{C4C08DDE-144C-4C29-A6B2-6EA1D176604B}.Debug|Any CPU.ActiveCfg = Debug|Any CPU
		{C4C08DDE-144C-4C29-A6B2-6EA1D176604B}.Debug|Any CPU.Build.0 = Debug|Any CPU
		{C4C08DDE-144C-4C29-A6B2-6EA1D176604B}.Release|Any CPU.ActiveCfg = Release|Any CPU
		{C4C08DDE-144C-4C29-A6B2-6EA1D176604B}.Release|Any CPU.Build.0 = Release|Any CPU
		{72DB45E9-C67A-4B7C-99F0-60285F487C2B}.Debug|Any CPU.ActiveCfg = Debug|Any CPU
		{72DB45E9-C67A-4B7C-99F0-60285F487C2B}.Debug|Any CPU.Build.0 = Debug|Any CPU
		{72DB45E9-C67A-4B7C-99F0-60285F487C2B}.Debug|Any CPU.Deploy.0 = Debug|Any CPU
		{72DB45E9-C67A-4B7C-99F0-60285F487C2B}.Release|Any CPU.ActiveCfg = Release|Any CPU
		{72DB45E9-C67A-4B7C-99F0-60285F487C2B}.Release|Any CPU.Build.0 = Release|Any CPU
		{72DB45E9-C67A-4B7C-99F0-60285F487C2B}.Release|Any CPU.Deploy.0 = Release|Any CPU
	EndGlobalSection
	GlobalSection(SolutionProperties) = preSolution
		HideSolutionNode = FALSE
	EndGlobalSection
	GlobalSection(ExtensibilityGlobals) = postSolution
		SolutionGuid = {D0C7172F-16CB-4B29-9EE4-2C79D4460376}
	EndGlobalSection
EndGlobal
